
Microsoft Visual Studio Solution File, Format Version 12.00
# Visual Studio 2013
VisualStudioVersion = 12.0.21005.1
MinimumVisualStudioVersion = 10.0.40219.1
Project("{2150E333-8FDC-42A3-9474-1A3956D46DE8}") = "Domain", "Domain", "{CD5084D7-D5ED-4746-AB25-372520C769B1}"
EndProject
Project("{2150E333-8FDC-42A3-9474-1A3956D46DE8}") = "Service", "Service", "{2837071C-0DAC-47FF-B742-DD67556DB2CC}"
EndProject
Project("{2150E333-8FDC-42A3-9474-1A3956D46DE8}") = "WebService", "WebService", "{C5F5A28D-918A-4B05-9F02-7FCDD859C0A9}"
EndProject
Project("{FAE04EC0-301F-11D3-BF4B-00C04F79EFBC}") = "YahooFantasy.Web.API", "WebService\YahooFantasy.Web.API\YahooFantasy.Web.API.csproj", "{13C45E77-CF85-46BD-A1FA-D7DA59D3FFE2}"
EndProject
Project("{FAE04EC0-301F-11D3-BF4B-00C04F79EFBC}") = "YahooFantasy.Web.API.Tests", "WebService\YahooFantasy.Web.API.Tests\YahooFantasy.Web.API.Tests.csproj", "{B20A3540-3CF4-4706-98AA-197C9E0DF060}"
EndProject
Project("{FAE04EC0-301F-11D3-BF4B-00C04F79EFBC}") = "YahooFantasy.Service", "Service\YahooFantasy.Service\YahooFantasy.Service.csproj", "{BFE60713-0C8A-4A2D-87EC-E61A75E24150}"
EndProject
Project("{FAE04EC0-301F-11D3-BF4B-00C04F79EFBC}") = "YahooFantasy.Domain", "Domain\YahooFantasy.Domain\YahooFantasy.Domain.csproj", "{FCCB4F40-4BEC-424D-8BCE-16D604351566}"
EndProject
Project("{FAE04EC0-301F-11D3-BF4B-00C04F79EFBC}") = "YahooFantasy.Domain.Tests", "Domain\YahooFantasy.Domain.Tests\YahooFantasy.Domain.Tests.csproj", "{63BBF441-308E-4249-87A5-0C230DBAAF57}"
EndProject
Project("{FAE04EC0-301F-11D3-BF4B-00C04F79EFBC}") = "YahooFantasy.Service.Tests", "Service\YahooFantasy.Service.Tests\YahooFantasy.Service.Tests.csproj", "{24FEAA25-199E-46CF-8BDD-C9631F8BA866}"
EndProject
Global
	GlobalSection(SolutionConfigurationPlatforms) = preSolution
		Debug|Any CPU = Debug|Any CPU
		Release|Any CPU = Release|Any CPU
	EndGlobalSection
	GlobalSection(ProjectConfigurationPlatforms) = postSolution
		{13C45E77-CF85-46BD-A1FA-D7DA59D3FFE2}.Debug|Any CPU.ActiveCfg = Debug|Any CPU
		{13C45E77-CF85-46BD-A1FA-D7DA59D3FFE2}.Debug|Any CPU.Build.0 = Debug|Any CPU
		{13C45E77-CF85-46BD-A1FA-D7DA59D3FFE2}.Release|Any CPU.ActiveCfg = Release|Any CPU
		{13C45E77-CF85-46BD-A1FA-D7DA59D3FFE2}.Release|Any CPU.Build.0 = Release|Any CPU
		{B20A3540-3CF4-4706-98AA-197C9E0DF060}.Debug|Any CPU.ActiveCfg = Debug|Any CPU
		{B20A3540-3CF4-4706-98AA-197C9E0DF060}.Debug|Any CPU.Build.0 = Debug|Any CPU
		{B20A3540-3CF4-4706-98AA-197C9E0DF060}.Release|Any CPU.ActiveCfg = Release|Any CPU
		{B20A3540-3CF4-4706-98AA-197C9E0DF060}.Release|Any CPU.Build.0 = Release|Any CPU
		{BFE60713-0C8A-4A2D-87EC-E61A75E24150}.Debug|Any CPU.ActiveCfg = Debug|Any CPU
		{BFE60713-0C8A-4A2D-87EC-E61A75E24150}.Debug|Any CPU.Build.0 = Debug|Any CPU
		{BFE60713-0C8A-4A2D-87EC-E61A75E24150}.Release|Any CPU.ActiveCfg = Release|Any CPU
		{BFE60713-0C8A-4A2D-87EC-E61A75E24150}.Release|Any CPU.Build.0 = Release|Any CPU
		{FCCB4F40-4BEC-424D-8BCE-16D604351566}.Debug|Any CPU.ActiveCfg = Debug|Any CPU
		{FCCB4F40-4BEC-424D-8BCE-16D604351566}.Debug|Any CPU.Build.0 = Debug|Any CPU
		{FCCB4F40-4BEC-424D-8BCE-16D604351566}.Release|Any CPU.ActiveCfg = Release|Any CPU
		{FCCB4F40-4BEC-424D-8BCE-16D604351566}.Release|Any CPU.Build.0 = Release|Any CPU
		{63BBF441-308E-4249-87A5-0C230DBAAF57}.Debug|Any CPU.ActiveCfg = Debug|Any CPU
		{63BBF441-308E-4249-87A5-0C230DBAAF57}.Debug|Any CPU.Build.0 = Debug|Any CPU
		{63BBF441-308E-4249-87A5-0C230DBAAF57}.Release|Any CPU.ActiveCfg = Release|Any CPU
		{63BBF441-308E-4249-87A5-0C230DBAAF57}.Release|Any CPU.Build.0 = Release|Any CPU
		{24FEAA25-199E-46CF-8BDD-C9631F8BA866}.Debug|Any CPU.ActiveCfg = Debug|Any CPU
		{24FEAA25-199E-46CF-8BDD-C9631F8BA866}.Debug|Any CPU.Build.0 = Debug|Any CPU
		{24FEAA25-199E-46CF-8BDD-C9631F8BA866}.Release|Any CPU.ActiveCfg = Release|Any CPU
		{24FEAA25-199E-46CF-8BDD-C9631F8BA866}.Release|Any CPU.Build.0 = Release|Any CPU
	EndGlobalSection
	GlobalSection(SolutionProperties) = preSolution
		HideSolutionNode = FALSE
	EndGlobalSection
	GlobalSection(NestedProjects) = preSolution
		{FCCB4F40-4BEC-424D-8BCE-16D604351566} = {CD5084D7-D5ED-4746-AB25-372520C769B1}
		{63BBF441-308E-4249-87A5-0C230DBAAF57} = {CD5084D7-D5ED-4746-AB25-372520C769B1}
		{BFE60713-0C8A-4A2D-87EC-E61A75E24150} = {2837071C-0DAC-47FF-B742-DD67556DB2CC}
		{24FEAA25-199E-46CF-8BDD-C9631F8BA866} = {2837071C-0DAC-47FF-B742-DD67556DB2CC}
		{13C45E77-CF85-46BD-A1FA-D7DA59D3FFE2} = {C5F5A28D-918A-4B05-9F02-7FCDD859C0A9}
		{B20A3540-3CF4-4706-98AA-197C9E0DF060} = {C5F5A28D-918A-4B05-9F02-7FCDD859C0A9}
	EndGlobalSection
EndGlobal
